
Microsoft Visual Studio Solution File, Format Version 12.00
# Visual Studio Version 17
VisualStudioVersion = 17.11.35222.181
MinimumVisualStudioVersion = 10.0.40219.1
Project("{FAE04EC0-301F-11D3-BF4B-00C04F79EFBC}") = "Logging", "Logging\Logging.csproj", "{01C498D6-142F-435A-865F-F433034331B2}"
EndProject
Global
	GlobalSection(SolutionConfigurationPlatforms) = preSolution
		Debug|Any CPU = Debug|Any CPU
		Release|Any CPU = Release|Any CPU
	EndGlobalSection
	GlobalSection(ProjectConfigurationPlatforms) = postSolution
		{01C498D6-142F-435A-865F-F433034331B2}.Debug|Any CPU.ActiveCfg = Debug|Any CPU
		{01C498D6-142F-435A-865F-F433034331B2}.Debug|Any CPU.Build.0 = Debug|Any CPU
		{01C498D6-142F-435A-865F-F433034331B2}.Release|Any CPU.ActiveCfg = Release|Any CPU
		{01C498D6-142F-435A-865F-F433034331B2}.Release|Any CPU.Build.0 = Release|Any CPU
	EndGlobalSection
	GlobalSection(SolutionProperties) = preSolution
		HideSolutionNode = FALSE
	EndGlobalSection
	GlobalSection(ExtensibilityGlobals) = postSolution
		SolutionGuid = {313D51E4-9C4F-43BF-B3F8-D07D5E9BD1FB}
	EndGlobalSection
EndGlobal
